
Microsoft Visual Studio Solution File, Format Version 12.00
# Visual Studio Version 16
VisualStudioVersion = 16.0.29418.71
MinimumVisualStudioVersion = 10.0.40219.1
Project("{8BC9CEB8-8B4A-11D0-8D11-00A0C91BC942}") = "DR_2semestr", "DR_2semestr\DR_2semestr.vcxproj", "{A5A874D0-71C3-4E59-B1A2-317E953D4787}"
EndProject
Global
	GlobalSection(SolutionConfigurationPlatforms) = preSolution
		Debug|x64 = Debug|x64
		Debug|x86 = Debug|x86
		Release|x64 = Release|x64
		Release|x86 = Release|x86
	EndGlobalSection
	GlobalSection(ProjectConfigurationPlatforms) = postSolution
		{A5A874D0-71C3-4E59-B1A2-317E953D4787}.Debug|x64.ActiveCfg = Debug|x64
		{A5A874D0-71C3-4E59-B1A2-317E953D4787}.Debug|x64.Build.0 = Debug|x64
		{A5A874D0-71C3-4E59-B1A2-317E953D4787}.Debug|x86.ActiveCfg = Debug|Win32
		{A5A874D0-71C3-4E59-B1A2-317E953D4787}.Debug|x86.Build.0 = Debug|Win32
		{A5A874D0-71C3-4E59-B1A2-317E953D4787}.Release|x64.ActiveCfg = Release|x64
		{A5A874D0-71C3-4E59-B1A2-317E953D4787}.Release|x64.Build.0 = Release|x64
		{A5A874D0-71C3-4E59-B1A2-317E953D4787}.Release|x86.ActiveCfg = Release|Win32
		{A5A874D0-71C3-4E59-B1A2-317E953D4787}.Release|x86.Build.0 = Release|Win32
	EndGlobalSection
	GlobalSection(SolutionProperties) = preSolution
		HideSolutionNode = FALSE
	EndGlobalSection
	GlobalSection(ExtensibilityGlobals) = postSolution
		SolutionGuid = {4025EEB0-9426-4C46-80F8-F2157499B67D}
	EndGlobalSection
EndGlobal
